
Microsoft Visual Studio Solution File, Format Version 12.00
# Visual Studio Version 17
VisualStudioVersion = 17.13.35931.197 d17.13
MinimumVisualStudioVersion = 10.0.40219.1
Project("{FAE04EC0-301F-11D3-BF4B-00C04F79EFBC}") = "EarthquakeDashboard", "EarthquakeDashboard.csproj", "{192BA3FA-A8E4-41F4-A467-95327ADFAF08}"
EndProject
Global
	GlobalSection(SolutionConfigurationPlatforms) = preSolution
		Debug|Any CPU = Debug|Any CPU
		Release|Any CPU = Release|Any CPU
	EndGlobalSection
	GlobalSection(ProjectConfigurationPlatforms) = postSolution
		{192BA3FA-A8E4-41F4-A467-95327ADFAF08}.Debug|Any CPU.ActiveCfg = Debug|Any CPU
		{192BA3FA-A8E4-41F4-A467-95327ADFAF08}.Debug|Any CPU.Build.0 = Debug|Any CPU
		{192BA3FA-A8E4-41F4-A467-95327ADFAF08}.Release|Any CPU.ActiveCfg = Release|Any CPU
		{192BA3FA-A8E4-41F4-A467-95327ADFAF08}.Release|Any CPU.Build.0 = Release|Any CPU
	EndGlobalSection
	GlobalSection(SolutionProperties) = preSolution
		HideSolutionNode = FALSE
	EndGlobalSection
	GlobalSection(ExtensibilityGlobals) = postSolution
		SolutionGuid = {117A14B5-D3C2-4DE6-87D2-1C728780A953}
	EndGlobalSection
EndGlobal
